// !$*UTF8*$!
{
	archiveVersion = 1;
	classes = {
	};
	objectVersion = 51;
	objects = {

/* Begin PBXBuildFile section */
		3AA45A2826CC4BC4003C2407 /* NewsFeedCellLayoutCalculator.swift in Sources */ = {isa = PBXBuildFile; fileRef = 3AA45A2726CC4BC4003C2407 /* NewsFeedCellLayoutCalculator.swift */; };
		3AA45A2A26CC5580003C2407 /* String + Height.swift in Sources */ = {isa = PBXBuildFile; fileRef = 3AA45A2926CC5580003C2407 /* String + Height.swift */; };
		3ADCA16B26CECFFE00B081D3 /* GalleryCollectionView.swift in Sources */ = {isa = PBXBuildFile; fileRef = 3ADCA16A26CECFFE00B081D3 /* GalleryCollectionView.swift */; };
		3ADCA16D26CED11700B081D3 /* GalleryCollectionViewCell.swift in Sources */ = {isa = PBXBuildFile; fileRef = 3ADCA16C26CED11700B081D3 /* GalleryCollectionViewCell.swift */; };
		3ADCA16F26CEDB7000B081D3 /* RowLayout.swift in Sources */ = {isa = PBXBuildFile; fileRef = 3ADCA16E26CEDB7000B081D3 /* RowLayout.swift */; };
		3AE89DDC26CD4F50007D516B /* NewsFeedCodeCell.swift in Sources */ = {isa = PBXBuildFile; fileRef = 3AE89DDB26CD4F50007D516B /* NewsFeedCodeCell.swift */; };
		3AECFB5A26CFFE6A00EAB87D /* TitleView.swift in Sources */ = {isa = PBXBuildFile; fileRef = 3AECFB5926CFFE6A00EAB87D /* TitleView.swift */; };
		3AECFB5C26CFFFAE00EAB87D /* InsetableTextField.swift in Sources */ = {isa = PBXBuildFile; fileRef = 3AECFB5B26CFFFAE00EAB87D /* InsetableTextField.swift */; };
		3AECFB5E26D005C300EAB87D /* UserResponse.swift in Sources */ = {isa = PBXBuildFile; fileRef = 3AECFB5D26D005C300EAB87D /* UserResponse.swift */; };
		3AECFB6126D024DC00EAB87D /* FooterView.swift in Sources */ = {isa = PBXBuildFile; fileRef = 3AECFB6026D024DC00EAB87D /* FooterView.swift */; };
		3AECFB6326D0292600EAB87D /* Localizable.stringsdict in Resources */ = {isa = PBXBuildFile; fileRef = 3AECFB6226D0292600EAB87D /* Localizable.stringsdict */; };
		3AEE800326C848F400E80E72 /* AuthService.swift in Sources */ = {isa = PBXBuildFile; fileRef = 3AEE800226C848F400E80E72 /* AuthService.swift */; };
		3AEE800526C84C8C00E80E72 /* Pods_VKNewsFeed.framework in Frameworks */ = {isa = PBXBuildFile; fileRef = 6621D72A942445DF00933720 /* Pods_VKNewsFeed.framework */; };
		3AEE800626C84C8C00E80E72 /* Pods_VKNewsFeed.framework in Embed Frameworks */ = {isa = PBXBuildFile; fileRef = 6621D72A942445DF00933720 /* Pods_VKNewsFeed.framework */; settings = {ATTRIBUTES = (CodeSignOnCopy, RemoveHeadersOnCopy, ); }; };
		3AEE800D26C8595200E80E72 /* NetworkService.swift in Sources */ = {isa = PBXBuildFile; fileRef = 3AEE800C26C8595200E80E72 /* NetworkService.swift */; };
		3AEE800F26C859F400E80E72 /* API.swift in Sources */ = {isa = PBXBuildFile; fileRef = 3AEE800E26C859F400E80E72 /* API.swift */; };
		3AEE801226C869C700E80E72 /* FeedResponse.swift in Sources */ = {isa = PBXBuildFile; fileRef = 3AEE801126C869C700E80E72 /* FeedResponse.swift */; };
		3AEE801426C86BE800E80E72 /* NetworkDataFetcher.swift in Sources */ = {isa = PBXBuildFile; fileRef = 3AEE801326C86BE800E80E72 /* NetworkDataFetcher.swift */; };
		3AF6C41026C844D0007BCCFF /* AppDelegate.swift in Sources */ = {isa = PBXBuildFile; fileRef = 3AF6C40F26C844D0007BCCFF /* AppDelegate.swift */; };
		3AF6C41426C844D0007BCCFF /* AuthViewController.swift in Sources */ = {isa = PBXBuildFile; fileRef = 3AF6C41326C844D0007BCCFF /* AuthViewController.swift */; };
		3AF6C41926C844D2007BCCFF /* Assets.xcassets in Resources */ = {isa = PBXBuildFile; fileRef = 3AF6C41826C844D2007BCCFF /* Assets.xcassets */; };
		3AF6C41C26C844D2007BCCFF /* LaunchScreen.storyboard in Resources */ = {isa = PBXBuildFile; fileRef = 3AF6C41A26C844D2007BCCFF /* LaunchScreen.storyboard */; };
		3AFC282926CAD5D0009C350B /* NewsFeedPresenter.swift in Sources */ = {isa = PBXBuildFile; fileRef = 3AFC282226CAD5D0009C350B /* NewsFeedPresenter.swift */; };
		3AFC282A26CAD5D0009C350B /* NewsFeedWorker.swift in Sources */ = {isa = PBXBuildFile; fileRef = 3AFC282326CAD5D0009C350B /* NewsFeedWorker.swift */; };
		3AFC282B26CAD5D0009C350B /* NewsFeedRouter.swift in Sources */ = {isa = PBXBuildFile; fileRef = 3AFC282426CAD5D0009C350B /* NewsFeedRouter.swift */; };
		3AFC282C26CAD5D0009C350B /* NewsFeedModels.swift in Sources */ = {isa = PBXBuildFile; fileRef = 3AFC282526CAD5D0009C350B /* NewsFeedModels.swift */; };
		3AFC282D26CAD5D0009C350B /* NewsFeedViewController.swift in Sources */ = {isa = PBXBuildFile; fileRef = 3AFC282626CAD5D0009C350B /* NewsFeedViewController.swift */; };
		3AFC282E26CAD5D0009C350B /* NewsFeedInteractor.swift in Sources */ = {isa = PBXBuildFile; fileRef = 3AFC282726CAD5D0009C350B /* NewsFeedInteractor.swift */; };
		3AFC283326CAE091009C350B /* NewsFeedCell.swift in Sources */ = {isa = PBXBuildFile; fileRef = 3AFC283126CAE091009C350B /* NewsFeedCell.swift */; };
		3AFC283426CAE091009C350B /* NewsFeedCell.xib in Resources */ = {isa = PBXBuildFile; fileRef = 3AFC283226CAE091009C350B /* NewsFeedCell.xib */; };
		3AFC283726CB160A009C350B /* WebImageView.swift in Sources */ = {isa = PBXBuildFile; fileRef = 3AFC283626CB160A009C350B /* WebImageView.swift */; };
/* End PBXBuildFile section */

/* Begin PBXCopyFilesBuildPhase section */
		3AEE800726C84C8C00E80E72 /* Embed Frameworks */ = {
			isa = PBXCopyFilesBuildPhase;
			buildActionMask = 2147483647;
			dstPath = "";
			dstSubfolderSpec = 10;
			files = (
				3AEE800626C84C8C00E80E72 /* Pods_VKNewsFeed.framework in Embed Frameworks */,
			);
			name = "Embed Frameworks";
			runOnlyForDeploymentPostprocessing = 0;
		};
/* End PBXCopyFilesBuildPhase section */

/* Begin PBXFileReference section */
		3AA45A2726CC4BC4003C2407 /* NewsFeedCellLayoutCalculator.swift */ = {isa = PBXFileReference; lastKnownFileType = sourcecode.swift; path = NewsFeedCellLayoutCalculator.swift; sourceTree = "<group>"; };
		3AA45A2926CC5580003C2407 /* String + Height.swift */ = {isa = PBXFileReference; lastKnownFileType = sourcecode.swift; path = "String + Height.swift"; sourceTree = "<group>"; };
		3ADCA16A26CECFFE00B081D3 /* GalleryCollectionView.swift */ = {isa = PBXFileReference; lastKnownFileType = sourcecode.swift; path = GalleryCollectionView.swift; sourceTree = "<group>"; };
		3ADCA16C26CED11700B081D3 /* GalleryCollectionViewCell.swift */ = {isa = PBXFileReference; lastKnownFileType = sourcecode.swift; path = GalleryCollectionViewCell.swift; sourceTree = "<group>"; };
		3ADCA16E26CEDB7000B081D3 /* RowLayout.swift */ = {isa = PBXFileReference; lastKnownFileType = sourcecode.swift; path = RowLayout.swift; sourceTree = "<group>"; };
		3AE89DDB26CD4F50007D516B /* NewsFeedCodeCell.swift */ = {isa = PBXFileReference; lastKnownFileType = sourcecode.swift; path = NewsFeedCodeCell.swift; sourceTree = "<group>"; };
		3AECFB5926CFFE6A00EAB87D /* TitleView.swift */ = {isa = PBXFileReference; lastKnownFileType = sourcecode.swift; path = TitleView.swift; sourceTree = "<group>"; };
		3AECFB5B26CFFFAE00EAB87D /* InsetableTextField.swift */ = {isa = PBXFileReference; lastKnownFileType = sourcecode.swift; path = InsetableTextField.swift; sourceTree = "<group>"; };
		3AECFB5D26D005C300EAB87D /* UserResponse.swift */ = {isa = PBXFileReference; lastKnownFileType = sourcecode.swift; path = UserResponse.swift; sourceTree = "<group>"; };
		3AECFB6026D024DC00EAB87D /* FooterView.swift */ = {isa = PBXFileReference; lastKnownFileType = sourcecode.swift; path = FooterView.swift; sourceTree = "<group>"; };
		3AECFB6226D0292600EAB87D /* Localizable.stringsdict */ = {isa = PBXFileReference; lastKnownFileType = text.plist.stringsdict; path = Localizable.stringsdict; sourceTree = "<group>"; };
		3AEE800126C8471300E80E72 /* VKNewsFeed-Bridging-Header.h */ = {isa = PBXFileReference; lastKnownFileType = sourcecode.c.h; path = "VKNewsFeed-Bridging-Header.h"; sourceTree = "<group>"; };
		3AEE800226C848F400E80E72 /* AuthService.swift */ = {isa = PBXFileReference; lastKnownFileType = sourcecode.swift; path = AuthService.swift; sourceTree = "<group>"; };
		3AEE800C26C8595200E80E72 /* NetworkService.swift */ = {isa = PBXFileReference; lastKnownFileType = sourcecode.swift; path = NetworkService.swift; sourceTree = "<group>"; };
		3AEE800E26C859F400E80E72 /* API.swift */ = {isa = PBXFileReference; lastKnownFileType = sourcecode.swift; path = API.swift; sourceTree = "<group>"; };
		3AEE801126C869C700E80E72 /* FeedResponse.swift */ = {isa = PBXFileReference; lastKnownFileType = sourcecode.swift; path = FeedResponse.swift; sourceTree = "<group>"; };
		3AEE801326C86BE800E80E72 /* NetworkDataFetcher.swift */ = {isa = PBXFileReference; lastKnownFileType = sourcecode.swift; path = NetworkDataFetcher.swift; sourceTree = "<group>"; };
		3AF6C40C26C844D0007BCCFF /* VKNewsFeed.app */ = {isa = PBXFileReference; explicitFileType = wrapper.application; includeInIndex = 0; path = VKNewsFeed.app; sourceTree = BUILT_PRODUCTS_DIR; };
		3AF6C40F26C844D0007BCCFF /* AppDelegate.swift */ = {isa = PBXFileReference; lastKnownFileType = sourcecode.swift; path = AppDelegate.swift; sourceTree = "<group>"; };
		3AF6C41326C844D0007BCCFF /* AuthViewController.swift */ = {isa = PBXFileReference; lastKnownFileType = sourcecode.swift; path = AuthViewController.swift; sourceTree = "<group>"; };
		3AF6C41826C844D2007BCCFF /* Assets.xcassets */ = {isa = PBXFileReference; lastKnownFileType = folder.assetcatalog; path = Assets.xcassets; sourceTree = "<group>"; };
		3AF6C41B26C844D2007BCCFF /* Base */ = {isa = PBXFileReference; lastKnownFileType = file.storyboard; name = Base; path = Base.lproj/LaunchScreen.storyboard; sourceTree = "<group>"; };
		3AF6C41D26C844D2007BCCFF /* Info.plist */ = {isa = PBXFileReference; lastKnownFileType = text.plist.xml; path = Info.plist; sourceTree = "<group>"; };
		3AFC282226CAD5D0009C350B /* NewsFeedPresenter.swift */ = {isa = PBXFileReference; lastKnownFileType = sourcecode.swift; path = NewsFeedPresenter.swift; sourceTree = "<group>"; };
		3AFC282326CAD5D0009C350B /* NewsFeedWorker.swift */ = {isa = PBXFileReference; lastKnownFileType = sourcecode.swift; path = NewsFeedWorker.swift; sourceTree = "<group>"; };
		3AFC282426CAD5D0009C350B /* NewsFeedRouter.swift */ = {isa = PBXFileReference; lastKnownFileType = sourcecode.swift; path = NewsFeedRouter.swift; sourceTree = "<group>"; };
		3AFC282526CAD5D0009C350B /* NewsFeedModels.swift */ = {isa = PBXFileReference; lastKnownFileType = sourcecode.swift; path = NewsFeedModels.swift; sourceTree = "<group>"; };
		3AFC282626CAD5D0009C350B /* NewsFeedViewController.swift */ = {isa = PBXFileReference; lastKnownFileType = sourcecode.swift; path = NewsFeedViewController.swift; sourceTree = "<group>"; usesTabs = 0; wrapsLines = 1; };
		3AFC282726CAD5D0009C350B /* NewsFeedInteractor.swift */ = {isa = PBXFileReference; lastKnownFileType = sourcecode.swift; path = NewsFeedInteractor.swift; sourceTree = "<group>"; };
		3AFC283126CAE091009C350B /* NewsFeedCell.swift */ = {isa = PBXFileReference; lastKnownFileType = sourcecode.swift; path = NewsFeedCell.swift; sourceTree = "<group>"; };
		3AFC283226CAE091009C350B /* NewsFeedCell.xib */ = {isa = PBXFileReference; lastKnownFileType = file.xib; path = NewsFeedCell.xib; sourceTree = "<group>"; };
		3AFC283626CB160A009C350B /* WebImageView.swift */ = {isa = PBXFileReference; lastKnownFileType = sourcecode.swift; path = WebImageView.swift; sourceTree = "<group>"; };
		5BD637FC53A274400AECC9CA /* Pods-VKNewsFeed.debug.xcconfig */ = {isa = PBXFileReference; includeInIndex = 1; lastKnownFileType = text.xcconfig; name = "Pods-VKNewsFeed.debug.xcconfig"; path = "Target Support Files/Pods-VKNewsFeed/Pods-VKNewsFeed.debug.xcconfig"; sourceTree = "<group>"; };
		6621D72A942445DF00933720 /* Pods_VKNewsFeed.framework */ = {isa = PBXFileReference; explicitFileType = wrapper.framework; includeInIndex = 0; path = Pods_VKNewsFeed.framework; sourceTree = BUILT_PRODUCTS_DIR; };
		D7C7FEBF6BD051901E403A92 /* Pods-VKNewsFeed.release.xcconfig */ = {isa = PBXFileReference; includeInIndex = 1; lastKnownFileType = text.xcconfig; name = "Pods-VKNewsFeed.release.xcconfig"; path = "Target Support Files/Pods-VKNewsFeed/Pods-VKNewsFeed.release.xcconfig"; sourceTree = "<group>"; };
/* End PBXFileReference section */

/* Begin PBXFrameworksBuildPhase section */
		3AF6C40926C844D0007BCCFF /* Frameworks */ = {
			isa = PBXFrameworksBuildPhase;
			buildActionMask = 2147483647;
			files = (
				3AEE800526C84C8C00E80E72 /* Pods_VKNewsFeed.framework in Frameworks */,
			);
			runOnlyForDeploymentPostprocessing = 0;
		};
/* End PBXFrameworksBuildPhase section */

/* Begin PBXGroup section */
		18A41CC9F37F7CCD290E3A12 /* Pods */ = {
			isa = PBXGroup;
			children = (
				5BD637FC53A274400AECC9CA /* Pods-VKNewsFeed.debug.xcconfig */,
				D7C7FEBF6BD051901E403A92 /* Pods-VKNewsFeed.release.xcconfig */,
			);
			path = Pods;
			sourceTree = "<group>";
		};
		3ADCA16926CECFDC00B081D3 /* GalleryView */ = {
			isa = PBXGroup;
			children = (
				3ADCA16A26CECFFE00B081D3 /* GalleryCollectionView.swift */,
				3ADCA16C26CED11700B081D3 /* GalleryCollectionViewCell.swift */,
				3ADCA16E26CEDB7000B081D3 /* RowLayout.swift */,
			);
			path = GalleryView;
			sourceTree = "<group>";
		};
		3AECFB5826CFFE3700EAB87D /* TitleVIew */ = {
			isa = PBXGroup;
			children = (
				3AECFB5926CFFE6A00EAB87D /* TitleView.swift */,
				3AECFB5B26CFFFAE00EAB87D /* InsetableTextField.swift */,
			);
			path = TitleVIew;
			sourceTree = "<group>";
		};
		3AECFB5F26D024CD00EAB87D /* FooterView */ = {
			isa = PBXGroup;
			children = (
				3AECFB6026D024DC00EAB87D /* FooterView.swift */,
			);
			path = FooterView;
			sourceTree = "<group>";
		};
		3AEE800426C848F700E80E72 /* Service */ = {
			isa = PBXGroup;
			children = (
				3AEE801026C869B500E80E72 /* Models */,
				3AEE800226C848F400E80E72 /* AuthService.swift */,
				3AEE800C26C8595200E80E72 /* NetworkService.swift */,
				3AEE800E26C859F400E80E72 /* API.swift */,
				3AEE801326C86BE800E80E72 /* NetworkDataFetcher.swift */,
			);
			path = Service;
			sourceTree = "<group>";
		};
		3AEE800B26C8571C00E80E72 /* AuthViewController */ = {
			isa = PBXGroup;
			children = (
				3AF6C41326C844D0007BCCFF /* AuthViewController.swift */,
			);
			path = AuthViewController;
			sourceTree = "<group>";
		};
		3AEE801026C869B500E80E72 /* Models */ = {
			isa = PBXGroup;
			children = (
				3AEE801126C869C700E80E72 /* FeedResponse.swift */,
				3AECFB5D26D005C300EAB87D /* UserResponse.swift */,
			);
			path = Models;
			sourceTree = "<group>";
		};
		3AF6C40326C844D0007BCCFF = {
			isa = PBXGroup;
			children = (
				3AF6C40E26C844D0007BCCFF /* VKNewsFeed */,
				3AFC283526CB14DE009C350B /* Helpers */,
				3AF6C40D26C844D0007BCCFF /* Products */,
				18A41CC9F37F7CCD290E3A12 /* Pods */,
				7BF792506D4F60BD6C82F223 /* Frameworks */,
			);
			sourceTree = "<group>";
		};
		3AF6C40D26C844D0007BCCFF /* Products */ = {
			isa = PBXGroup;
			children = (
				3AF6C40C26C844D0007BCCFF /* VKNewsFeed.app */,
			);
			name = Products;
			sourceTree = "<group>";
		};
		3AF6C40E26C844D0007BCCFF /* VKNewsFeed */ = {
			isa = PBXGroup;
			children = (
				3AF6C40F26C844D0007BCCFF /* AppDelegate.swift */,
				3AEE800426C848F700E80E72 /* Service */,
				3AEE800B26C8571C00E80E72 /* AuthViewController */,
				3AFC282126CAD59D009C350B /* NewsFeed */,
				3AF6C41826C844D2007BCCFF /* Assets.xcassets */,
				3AF6C41A26C844D2007BCCFF /* LaunchScreen.storyboard */,
				3AF6C41D26C844D2007BCCFF /* Info.plist */,
				3AECFB6226D0292600EAB87D /* Localizable.stringsdict */,
				3AEE800126C8471300E80E72 /* VKNewsFeed-Bridging-Header.h */,
			);
			path = VKNewsFeed;
			sourceTree = "<group>";
		};
		3AFC282126CAD59D009C350B /* NewsFeed */ = {
			isa = PBXGroup;
			children = (
				3AECFB5F26D024CD00EAB87D /* FooterView */,
				3AECFB5826CFFE3700EAB87D /* TitleVIew */,
				3ADCA16926CECFDC00B081D3 /* GalleryView */,
				3AFC283026CAE068009C350B /* Cell */,
				3AFC282626CAD5D0009C350B /* NewsFeedViewController.swift */,
				3AFC282726CAD5D0009C350B /* NewsFeedInteractor.swift */,
				3AFC282226CAD5D0009C350B /* NewsFeedPresenter.swift */,
				3AFC282526CAD5D0009C350B /* NewsFeedModels.swift */,
				3AFC282326CAD5D0009C350B /* NewsFeedWorker.swift */,
				3AFC282426CAD5D0009C350B /* NewsFeedRouter.swift */,
			);
			path = NewsFeed;
			sourceTree = "<group>";
		};
		3AFC283026CAE068009C350B /* Cell */ = {
			isa = PBXGroup;
			children = (
				3AFC283126CAE091009C350B /* NewsFeedCell.swift */,
				3AA45A2726CC4BC4003C2407 /* NewsFeedCellLayoutCalculator.swift */,
				3AFC283226CAE091009C350B /* NewsFeedCell.xib */,
				3AE89DDB26CD4F50007D516B /* NewsFeedCodeCell.swift */,
			);
			path = Cell;
			sourceTree = "<group>";
		};
		3AFC283526CB14DE009C350B /* Helpers */ = {
			isa = PBXGroup;
			children = (
				3AFC283626CB160A009C350B /* WebImageView.swift */,
				3AA45A2926CC5580003C2407 /* String + Height.swift */,
			);
			path = Helpers;
			sourceTree = "<group>";
		};
		7BF792506D4F60BD6C82F223 /* Frameworks */ = {
			isa = PBXGroup;
			children = (
				6621D72A942445DF00933720 /* Pods_VKNewsFeed.framework */,
			);
			name = Frameworks;
			sourceTree = "<group>";
		};
/* End PBXGroup section */

/* Begin PBXNativeTarget section */
		3AF6C40B26C844D0007BCCFF /* VKNewsFeed */ = {
			isa = PBXNativeTarget;
			buildConfigurationList = 3AF6C42026C844D2007BCCFF /* Build configuration list for PBXNativeTarget "VKNewsFeed" */;
			buildPhases = (
				B432EF246E50C85714CF6D89 /* [CP] Check Pods Manifest.lock */,
				3AF6C40826C844D0007BCCFF /* Sources */,
				3AF6C40926C844D0007BCCFF /* Frameworks */,
				3AF6C40A26C844D0007BCCFF /* Resources */,
				6221ADD0E8F5F8357A88A0A1 /* [CP] Embed Pods Frameworks */,
				3AEE800726C84C8C00E80E72 /* Embed Frameworks */,
			);
			buildRules = (
			);
			dependencies = (
			);
			name = VKNewsFeed;
			productName = VKNewsFeed;
			productReference = 3AF6C40C26C844D0007BCCFF /* VKNewsFeed.app */;
			productType = "com.apple.product-type.application";
		};
/* End PBXNativeTarget section */

/* Begin PBXProject section */
		3AF6C40426C844D0007BCCFF /* Project object */ = {
			isa = PBXProject;
			attributes = {
				LastSwiftUpdateCheck = 1250;
				LastUpgradeCheck = 1250;
				TargetAttributes = {
					3AF6C40B26C844D0007BCCFF = {
						CreatedOnToolsVersion = 12.5.1;
					};
				};
			};
			buildConfigurationList = 3AF6C40726C844D0007BCCFF /* Build configuration list for PBXProject "VKNewsFeed" */;
			compatibilityVersion = "Xcode 9.3";
			developmentRegion = en;
			hasScannedForEncodings = 0;
			knownRegions = (
				en,
				Base,
			);
			mainGroup = 3AF6C40326C844D0007BCCFF;
			productRefGroup = 3AF6C40D26C844D0007BCCFF /* Products */;
			projectDirPath = "";
			projectRoot = "";
			targets = (
				3AF6C40B26C844D0007BCCFF /* VKNewsFeed */,
			);
		};
/* End PBXProject section */

/* Begin PBXResourcesBuildPhase section */
		3AF6C40A26C844D0007BCCFF /* Resources */ = {
			isa = PBXResourcesBuildPhase;
			buildActionMask = 2147483647;
			files = (
				3AF6C41C26C844D2007BCCFF /* LaunchScreen.storyboard in Resources */,
				3AECFB6326D0292600EAB87D /* Localizable.stringsdict in Resources */,
				3AF6C41926C844D2007BCCFF /* Assets.xcassets in Resources */,
				3AFC283426CAE091009C350B /* NewsFeedCell.xib in Resources */,
			);
			runOnlyForDeploymentPostprocessing = 0;
		};
/* End PBXResourcesBuildPhase section */

/* Begin PBXShellScriptBuildPhase section */
		6221ADD0E8F5F8357A88A0A1 /* [CP] Embed Pods Frameworks */ = {
			isa = PBXShellScriptBuildPhase;
			buildActionMask = 2147483647;
			files = (
			);
			inputFileListPaths = (
				"${PODS_ROOT}/Target Support Files/Pods-VKNewsFeed/Pods-VKNewsFeed-frameworks-${CONFIGURATION}-input-files.xcfilelist",
			);
			name = "[CP] Embed Pods Frameworks";
			outputFileListPaths = (
				"${PODS_ROOT}/Target Support Files/Pods-VKNewsFeed/Pods-VKNewsFeed-frameworks-${CONFIGURATION}-output-files.xcfilelist",
			);
			runOnlyForDeploymentPostprocessing = 0;
			shellPath = /bin/sh;
			shellScript = "\"${PODS_ROOT}/Target Support Files/Pods-VKNewsFeed/Pods-VKNewsFeed-frameworks.sh\"\n";
			showEnvVarsInLog = 0;
		};
		B432EF246E50C85714CF6D89 /* [CP] Check Pods Manifest.lock */ = {
			isa = PBXShellScriptBuildPhase;
			buildActionMask = 2147483647;
			files = (
			);
			inputFileListPaths = (
			);
			inputPaths = (
				"${PODS_PODFILE_DIR_PATH}/Podfile.lock",
				"${PODS_ROOT}/Manifest.lock",
			);
			name = "[CP] Check Pods Manifest.lock";
			outputFileListPaths = (
			);
			outputPaths = (
				"$(DERIVED_FILE_DIR)/Pods-VKNewsFeed-checkManifestLockResult.txt",
			);
			runOnlyForDeploymentPostprocessing = 0;
			shellPath = /bin/sh;
			shellScript = "diff \"${PODS_PODFILE_DIR_PATH}/Podfile.lock\" \"${PODS_ROOT}/Manifest.lock\" > /dev/null\nif [ $? != 0 ] ; then\n    # print error to STDERR\n    echo \"error: The sandbox is not in sync with the Podfile.lock. Run 'pod install' or update your CocoaPods installation.\" >&2\n    exit 1\nfi\n# This output is used by Xcode 'outputs' to avoid re-running this script phase.\necho \"SUCCESS\" > \"${SCRIPT_OUTPUT_FILE_0}\"\n";
			showEnvVarsInLog = 0;
		};
/* End PBXShellScriptBuildPhase section */

/* Begin PBXSourcesBuildPhase section */
		3AF6C40826C844D0007BCCFF /* Sources */ = {
			isa = PBXSourcesBuildPhase;
			buildActionMask = 2147483647;
			files = (
				3AFC282C26CAD5D0009C350B /* NewsFeedModels.swift in Sources */,
				3AFC282B26CAD5D0009C350B /* NewsFeedRouter.swift in Sources */,
				3AEE801426C86BE800E80E72 /* NetworkDataFetcher.swift in Sources */,
				3AECFB6126D024DC00EAB87D /* FooterView.swift in Sources */,
				3AECFB5E26D005C300EAB87D /* UserResponse.swift in Sources */,
				3AEE801226C869C700E80E72 /* FeedResponse.swift in Sources */,
				3AEE800D26C8595200E80E72 /* NetworkService.swift in Sources */,
				3AFC282E26CAD5D0009C350B /* NewsFeedInteractor.swift in Sources */,
				3ADCA16F26CEDB7000B081D3 /* RowLayout.swift in Sources */,
				3AFC282926CAD5D0009C350B /* NewsFeedPresenter.swift in Sources */,
				3AECFB5C26CFFFAE00EAB87D /* InsetableTextField.swift in Sources */,
				3AFC282A26CAD5D0009C350B /* NewsFeedWorker.swift in Sources */,
				3AF6C41426C844D0007BCCFF /* AuthViewController.swift in Sources */,
				3AFC283326CAE091009C350B /* NewsFeedCell.swift in Sources */,
				3AF6C41026C844D0007BCCFF /* AppDelegate.swift in Sources */,
				3ADCA16D26CED11700B081D3 /* GalleryCollectionViewCell.swift in Sources */,
				3AEE800F26C859F400E80E72 /* API.swift in Sources */,
				3ADCA16B26CECFFE00B081D3 /* GalleryCollectionView.swift in Sources */,
				3AEE800326C848F400E80E72 /* AuthService.swift in Sources */,
				3AE89DDC26CD4F50007D516B /* NewsFeedCodeCell.swift in Sources */,
				3AFC283726CB160A009C350B /* WebImageView.swift in Sources */,
				3AA45A2826CC4BC4003C2407 /* NewsFeedCellLayoutCalculator.swift in Sources */,
				3AECFB5A26CFFE6A00EAB87D /* TitleView.swift in Sources */,
				3AFC282D26CAD5D0009C350B /* NewsFeedViewController.swift in Sources */,
				3AA45A2A26CC5580003C2407 /* String + Height.swift in Sources */,
			);
			runOnlyForDeploymentPostprocessing = 0;
		};
/* End PBXSourcesBuildPhase section */

/* Begin PBXVariantGroup section */
		3AF6C41A26C844D2007BCCFF /* LaunchScreen.storyboard */ = {
			isa = PBXVariantGroup;
			children = (
				3AF6C41B26C844D2007BCCFF /* Base */,
			);
			name = LaunchScreen.storyboard;
			sourceTree = "<group>";
		};
/* End PBXVariantGroup section */

/* Begin XCBuildConfiguration section */
		3AF6C41E26C844D2007BCCFF /* Debug */ = {
			isa = XCBuildConfiguration;
			buildSettings = {
				ALWAYS_SEARCH_USER_PATHS = NO;
				CLANG_ANALYZER_NONNULL = YES;
				CLANG_ANALYZER_NUMBER_OBJECT_CONVERSION = YES_AGGRESSIVE;
				CLANG_CXX_LANGUAGE_STANDARD = "gnu++14";
				CLANG_CXX_LIBRARY = "libc++";
				CLANG_ENABLE_MODULES = YES;
				CLANG_ENABLE_OBJC_ARC = YES;
				CLANG_ENABLE_OBJC_WEAK = YES;
				CLANG_WARN_BLOCK_CAPTURE_AUTORELEASING = YES;
				CLANG_WARN_BOOL_CONVERSION = YES;
				CLANG_WARN_COMMA = YES;
				CLANG_WARN_CONSTANT_CONVERSION = YES;
				CLANG_WARN_DEPRECATED_OBJC_IMPLEMENTATIONS = YES;
				CLANG_WARN_DIRECT_OBJC_ISA_USAGE = YES_ERROR;
				CLANG_WARN_DOCUMENTATION_COMMENTS = YES;
				CLANG_WARN_EMPTY_BODY = YES;
				CLANG_WARN_ENUM_CONVERSION = YES;
				CLANG_WARN_INFINITE_RECURSION = YES;
				CLANG_WARN_INT_CONVERSION = YES;
				CLANG_WARN_NON_LITERAL_NULL_CONVERSION = YES;
				CLANG_WARN_OBJC_IMPLICIT_RETAIN_SELF = YES;
				CLANG_WARN_OBJC_LITERAL_CONVERSION = YES;
				CLANG_WARN_OBJC_ROOT_CLASS = YES_ERROR;
				CLANG_WARN_QUOTED_INCLUDE_IN_FRAMEWORK_HEADER = YES;
				CLANG_WARN_RANGE_LOOP_ANALYSIS = YES;
				CLANG_WARN_STRICT_PROTOTYPES = YES;
				CLANG_WARN_SUSPICIOUS_MOVE = YES;
				CLANG_WARN_UNGUARDED_AVAILABILITY = YES_AGGRESSIVE;
				CLANG_WARN_UNREACHABLE_CODE = YES;
				CLANG_WARN__DUPLICATE_METHOD_MATCH = YES;
				COPY_PHASE_STRIP = NO;
				DEBUG_INFORMATION_FORMAT = dwarf;
				ENABLE_STRICT_OBJC_MSGSEND = YES;
				ENABLE_TESTABILITY = YES;
				GCC_C_LANGUAGE_STANDARD = gnu11;
				GCC_DYNAMIC_NO_PIC = NO;
				GCC_NO_COMMON_BLOCKS = YES;
				GCC_OPTIMIZATION_LEVEL = 0;
				GCC_PREPROCESSOR_DEFINITIONS = (
					"DEBUG=1",
					"$(inherited)",
				);
				GCC_WARN_64_TO_32_BIT_CONVERSION = YES;
				GCC_WARN_ABOUT_RETURN_TYPE = YES_ERROR;
				GCC_WARN_UNDECLARED_SELECTOR = YES;
				GCC_WARN_UNINITIALIZED_AUTOS = YES_AGGRESSIVE;
				GCC_WARN_UNUSED_FUNCTION = YES;
				GCC_WARN_UNUSED_VARIABLE = YES;
				IPHONEOS_DEPLOYMENT_TARGET = 14.5;
				MTL_ENABLE_DEBUG_INFO = INCLUDE_SOURCE;
				MTL_FAST_MATH = YES;
				ONLY_ACTIVE_ARCH = YES;
				SDKROOT = iphoneos;
				SWIFT_ACTIVE_COMPILATION_CONDITIONS = DEBUG;
				SWIFT_OPTIMIZATION_LEVEL = "-Onone";
			};
			name = Debug;
		};
		3AF6C41F26C844D2007BCCFF /* Release */ = {
			isa = XCBuildConfiguration;
			buildSettings = {
				ALWAYS_SEARCH_USER_PATHS = NO;
				CLANG_ANALYZER_NONNULL = YES;
				CLANG_ANALYZER_NUMBER_OBJECT_CONVERSION = YES_AGGRESSIVE;
				CLANG_CXX_LANGUAGE_STANDARD = "gnu++14";
				CLANG_CXX_LIBRARY = "libc++";
				CLANG_ENABLE_MODULES = YES;
				CLANG_ENABLE_OBJC_ARC = YES;
				CLANG_ENABLE_OBJC_WEAK = YES;
				CLANG_WARN_BLOCK_CAPTURE_AUTORELEASING = YES;
				CLANG_WARN_BOOL_CONVERSION = YES;
				CLANG_WARN_COMMA = YES;
				CLANG_WARN_CONSTANT_CONVERSION = YES;
				CLANG_WARN_DEPRECATED_OBJC_IMPLEMENTATIONS = YES;
				CLANG_WARN_DIRECT_OBJC_ISA_USAGE = YES_ERROR;
				CLANG_WARN_DOCUMENTATION_COMMENTS = YES;
				CLANG_WARN_EMPTY_BODY = YES;
				CLANG_WARN_ENUM_CONVERSION = YES;
				CLANG_WARN_INFINITE_RECURSION = YES;
				CLANG_WARN_INT_CONVERSION = YES;
				CLANG_WARN_NON_LITERAL_NULL_CONVERSION = YES;
				CLANG_WARN_OBJC_IMPLICIT_RETAIN_SELF = YES;
				CLANG_WARN_OBJC_LITERAL_CONVERSION = YES;
				CLANG_WARN_OBJC_ROOT_CLASS = YES_ERROR;
				CLANG_WARN_QUOTED_INCLUDE_IN_FRAMEWORK_HEADER = YES;
				CLANG_WARN_RANGE_LOOP_ANALYSIS = YES;
				CLANG_WARN_STRICT_PROTOTYPES = YES;
				CLANG_WARN_SUSPICIOUS_MOVE = YES;
				CLANG_WARN_UNGUARDED_AVAILABILITY = YES_AGGRESSIVE;
				CLANG_WARN_UNREACHABLE_CODE = YES;
				CLANG_WARN__DUPLICATE_METHOD_MATCH = YES;
				COPY_PHASE_STRIP = NO;
				DEBUG_INFORMATION_FORMAT = "dwarf-with-dsym";
				ENABLE_NS_ASSERTIONS = NO;
				ENABLE_STRICT_OBJC_MSGSEND = YES;
				GCC_C_LANGUAGE_STANDARD = gnu11;
				GCC_NO_COMMON_BLOCKS = YES;
				GCC_WARN_64_TO_32_BIT_CONVERSION = YES;
				GCC_WARN_ABOUT_RETURN_TYPE = YES_ERROR;
				GCC_WARN_UNDECLARED_SELECTOR = YES;
				GCC_WARN_UNINITIALIZED_AUTOS = YES_AGGRESSIVE;
				GCC_WARN_UNUSED_FUNCTION = YES;
				GCC_WARN_UNUSED_VARIABLE = YES;
				IPHONEOS_DEPLOYMENT_TARGET = 14.5;
				MTL_ENABLE_DEBUG_INFO = NO;
				MTL_FAST_MATH = YES;
				SDKROOT = iphoneos;
				SWIFT_COMPILATION_MODE = wholemodule;
				SWIFT_OPTIMIZATION_LEVEL = "-O";
				VALIDATE_PRODUCT = YES;
			};
			name = Release;
		};
		3AF6C42126C844D2007BCCFF /* Debug */ = {
			isa = XCBuildConfiguration;
			baseConfigurationReference = 5BD637FC53A274400AECC9CA /* Pods-VKNewsFeed.debug.xcconfig */;
			buildSettings = {
				ASSETCATALOG_COMPILER_APPICON_NAME = AppIcon;
				ASSETCATALOG_COMPILER_GLOBAL_ACCENT_COLOR_NAME = AccentColor;
				CODE_SIGN_STYLE = Automatic;
				DEVELOPMENT_TEAM = 7MH8KA7J8V;
				INFOPLIST_FILE = VKNewsFeed/Info.plist;
				LD_RUNPATH_SEARCH_PATHS = (
					"$(inherited)",
					"@executable_path/Frameworks",
				);
				PRODUCT_BUNDLE_IDENTIFIER = com.kirilltila.VKNewsFeed;
				PRODUCT_NAME = "$(TARGET_NAME)";
				SWIFT_VERSION = 5.0;
				TARGETED_DEVICE_FAMILY = "1,2";
			};
			name = Debug;
		};
		3AF6C42226C844D2007BCCFF /* Release */ = {
			isa = XCBuildConfiguration;
			baseConfigurationReference = D7C7FEBF6BD051901E403A92 /* Pods-VKNewsFeed.release.xcconfig */;
			buildSettings = {
				ASSETCATALOG_COMPILER_APPICON_NAME = AppIcon;
				ASSETCATALOG_COMPILER_GLOBAL_ACCENT_COLOR_NAME = AccentColor;
				CODE_SIGN_STYLE = Automatic;
				DEVELOPMENT_TEAM = 7MH8KA7J8V;
				INFOPLIST_FILE = VKNewsFeed/Info.plist;
				LD_RUNPATH_SEARCH_PATHS = (
					"$(inherited)",
					"@executable_path/Frameworks",
				);
				PRODUCT_BUNDLE_IDENTIFIER = com.kirilltila.VKNewsFeed;
				PRODUCT_NAME = "$(TARGET_NAME)";
				SWIFT_VERSION = 5.0;
				TARGETED_DEVICE_FAMILY = "1,2";
			};
			name = Release;
		};
/* End XCBuildConfiguration section */

/* Begin XCConfigurationList section */
		3AF6C40726C844D0007BCCFF /* Build configuration list for PBXProject "VKNewsFeed" */ = {
			isa = XCConfigurationList;
			buildConfigurations = (
				3AF6C41E26C844D2007BCCFF /* Debug */,
				3AF6C41F26C844D2007BCCFF /* Release */,
			);
			defaultConfigurationIsVisible = 0;
			defaultConfigurationName = Release;
		};
		3AF6C42026C844D2007BCCFF /* Build configuration list for PBXNativeTarget "VKNewsFeed" */ = {
			isa = XCConfigurationList;
			buildConfigurations = (
				3AF6C42126C844D2007BCCFF /* Debug */,
				3AF6C42226C844D2007BCCFF /* Release */,
			);
			defaultConfigurationIsVisible = 0;
			defaultConfigurationName = Release;
		};
/* End XCConfigurationList section */
	};
	rootObject = 3AF6C40426C844D0007BCCFF /* Project object */;
}
